
Microsoft Visual Studio Solution File, Format Version 12.00
# Visual Studio 15
VisualStudioVersion = 15.0.28307.852
MinimumVisualStudioVersion = 10.0.40219.1
Project("{FAE04EC0-301F-11D3-BF4B-00C04F79EFBC}") = "ErrandService", "ErrandService\ErrandService.csproj", "{3E03D43C-8B6D-4F52-9D78-B08F0758C6D6}"
EndProject
Global
	GlobalSection(SolutionConfigurationPlatforms) = preSolution
		Debug|Any CPU = Debug|Any CPU
		Release|Any CPU = Release|Any CPU
	EndGlobalSection
	GlobalSection(ProjectConfigurationPlatforms) = postSolution
		{3E03D43C-8B6D-4F52-9D78-B08F0758C6D6}.Debug|Any CPU.ActiveCfg = Debug|Any CPU
		{3E03D43C-8B6D-4F52-9D78-B08F0758C6D6}.Debug|Any CPU.Build.0 = Debug|Any CPU
		{3E03D43C-8B6D-4F52-9D78-B08F0758C6D6}.Release|Any CPU.ActiveCfg = Release|Any CPU
		{3E03D43C-8B6D-4F52-9D78-B08F0758C6D6}.Release|Any CPU.Build.0 = Release|Any CPU
	EndGlobalSection
	GlobalSection(SolutionProperties) = preSolution
		HideSolutionNode = FALSE
	EndGlobalSection
	GlobalSection(ExtensibilityGlobals) = postSolution
		SolutionGuid = {D918D679-188D-4470-B0B0-AC4CA2E1673C}
	EndGlobalSection
EndGlobal
